
Microsoft Visual Studio Solution File, Format Version 12.00
# Visual Studio Version 16
VisualStudioVersion = 16.0.29613.14
MinimumVisualStudioVersion = 10.0.40219.1
Project("{FAE04EC0-301F-11D3-BF4B-00C04F79EFBC}") = "LockOperation_Caputo", "LockOperation_Caputo\LockOperation_Caputo.csproj", "{33E5DF49-69A7-47F7-9CD5-9BBDEFE5130C}"
EndProject
Global
	GlobalSection(SolutionConfigurationPlatforms) = preSolution
		Debug|Any CPU = Debug|Any CPU
		Release|Any CPU = Release|Any CPU
	EndGlobalSection
	GlobalSection(ProjectConfigurationPlatforms) = postSolution
		{33E5DF49-69A7-47F7-9CD5-9BBDEFE5130C}.Debug|Any CPU.ActiveCfg = Debug|Any CPU
		{33E5DF49-69A7-47F7-9CD5-9BBDEFE5130C}.Debug|Any CPU.Build.0 = Debug|Any CPU
		{33E5DF49-69A7-47F7-9CD5-9BBDEFE5130C}.Release|Any CPU.ActiveCfg = Release|Any CPU
		{33E5DF49-69A7-47F7-9CD5-9BBDEFE5130C}.Release|Any CPU.Build.0 = Release|Any CPU
	EndGlobalSection
	GlobalSection(SolutionProperties) = preSolution
		HideSolutionNode = FALSE
	EndGlobalSection
	GlobalSection(ExtensibilityGlobals) = postSolution
		SolutionGuid = {3EAC6F7E-78C9-4E07-BC36-172E48922A1D}
	EndGlobalSection
EndGlobal
